
Microsoft Visual Studio Solution File, Format Version 12.00
# Visual Studio Version 17
VisualStudioVersion = 17.3.32929.385
MinimumVisualStudioVersion = 10.0.40219.1
Project("{FAE04EC0-301F-11D3-BF4B-00C04F79EFBC}") = "FiltersDemo", "FiltersDemo\FiltersDemo.csproj", "{8FED8934-00FE-4BA6-A41E-AD594A06AA8E}"
EndProject
Global
	GlobalSection(SolutionConfigurationPlatforms) = preSolution
		Debug|Any CPU = Debug|Any CPU
		Release|Any CPU = Release|Any CPU
	EndGlobalSection
	GlobalSection(ProjectConfigurationPlatforms) = postSolution
		{8FED8934-00FE-4BA6-A41E-AD594A06AA8E}.Debug|Any CPU.ActiveCfg = Debug|Any CPU
		{8FED8934-00FE-4BA6-A41E-AD594A06AA8E}.Debug|Any CPU.Build.0 = Debug|Any CPU
		{8FED8934-00FE-4BA6-A41E-AD594A06AA8E}.Release|Any CPU.ActiveCfg = Release|Any CPU
		{8FED8934-00FE-4BA6-A41E-AD594A06AA8E}.Release|Any CPU.Build.0 = Release|Any CPU
	EndGlobalSection
	GlobalSection(SolutionProperties) = preSolution
		HideSolutionNode = FALSE
	EndGlobalSection
	GlobalSection(ExtensibilityGlobals) = postSolution
		SolutionGuid = {4CE47BA5-9E4B-421E-979E-88A0E6AB3C6A}
	EndGlobalSection
EndGlobal
