
Microsoft Visual Studio Solution File, Format Version 12.00
# Visual Studio Version 17
VisualStudioVersion = 17.2.32602.215
MinimumVisualStudioVersion = 10.0.40219.1
Project("{FAE04EC0-301F-11D3-BF4B-00C04F79EFBC}") = "ExceptionLog", "ExceptionLog\ExceptionLog.csproj", "{DBF8E7E7-2020-4DD6-8C62-7D89DF58E35C}"
EndProject
Project("{FAE04EC0-301F-11D3-BF4B-00C04F79EFBC}") = "ExceptionLogging", "ExceptionLogging\ExceptionLogging.csproj", "{505F2069-4BCD-4837-9ECD-0C0352404829}"
EndProject
Global
	GlobalSection(SolutionConfigurationPlatforms) = preSolution
		Debug|Any CPU = Debug|Any CPU
		Release|Any CPU = Release|Any CPU
	EndGlobalSection
	GlobalSection(ProjectConfigurationPlatforms) = postSolution
		{DBF8E7E7-2020-4DD6-8C62-7D89DF58E35C}.Debug|Any CPU.ActiveCfg = Debug|Any CPU
		{DBF8E7E7-2020-4DD6-8C62-7D89DF58E35C}.Debug|Any CPU.Build.0 = Debug|Any CPU
		{DBF8E7E7-2020-4DD6-8C62-7D89DF58E35C}.Release|Any CPU.ActiveCfg = Release|Any CPU
		{DBF8E7E7-2020-4DD6-8C62-7D89DF58E35C}.Release|Any CPU.Build.0 = Release|Any CPU
		{505F2069-4BCD-4837-9ECD-0C0352404829}.Debug|Any CPU.ActiveCfg = Debug|Any CPU
		{505F2069-4BCD-4837-9ECD-0C0352404829}.Debug|Any CPU.Build.0 = Debug|Any CPU
		{505F2069-4BCD-4837-9ECD-0C0352404829}.Release|Any CPU.ActiveCfg = Release|Any CPU
		{505F2069-4BCD-4837-9ECD-0C0352404829}.Release|Any CPU.Build.0 = Release|Any CPU
	EndGlobalSection
	GlobalSection(SolutionProperties) = preSolution
		HideSolutionNode = FALSE
	EndGlobalSection
	GlobalSection(ExtensibilityGlobals) = postSolution
		SolutionGuid = {F663B9FA-D5A3-4A5F-A568-EE0BEC68BD4E}
	EndGlobalSection
EndGlobal
